// !$*UTF8*$!
{
	archiveVersion = 1;
	classes = {
	};
	objectVersion = 50;
	objects = {

/* Begin PBXBuildFile section */
		AB0866FF2386C97000E30B50 /* ShapeDecider.swift in Sources */ = {isa = PBXBuildFile; fileRef = AB0866FE2386C97000E30B50 /* ShapeDecider.swift */; };
		AB0BA48423F400F800288D37 /* Gate.swift in Sources */ = {isa = PBXBuildFile; fileRef = AB0BA48323F400F800288D37 /* Gate.swift */; };
		AB21A206236B256000BCE5E0 /* CGVector+Extensions.swift in Sources */ = {isa = PBXBuildFile; fileRef = AB21A205236B256000BCE5E0 /* CGVector+Extensions.swift */; };
		AB21A208236B678700BCE5E0 /* CGFloat+Extensions.swift in Sources */ = {isa = PBXBuildFile; fileRef = AB21A207236B678700BCE5E0 /* CGFloat+Extensions.swift */; };
		AB2540DD23F55A9400204C5F /* UIBezierPath+Extensions.swift in Sources */ = {isa = PBXBuildFile; fileRef = AB2540DC23F55A9400204C5F /* UIBezierPath+Extensions.swift */; };
		AB2540DF23F56FB000204C5F /* DrawingTools.swift in Sources */ = {isa = PBXBuildFile; fileRef = AB2540DE23F56FB000204C5F /* DrawingTools.swift */; };
		AB2540E123F57A4100204C5F /* ShapeAttributes.swift in Sources */ = {isa = PBXBuildFile; fileRef = AB2540E023F57A4100204C5F /* ShapeAttributes.swift */; };
		AB27163D23EAF92100323FAA /* Sequence+Extensions.swift in Sources */ = {isa = PBXBuildFile; fileRef = AB27163C23EAF92100323FAA /* Sequence+Extensions.swift */; };
		AB2A444A23A3C9DB00AD3849 /* Collection+ExtensionsTests.swift in Sources */ = {isa = PBXBuildFile; fileRef = AB2A444923A3C9DB00AD3849 /* Collection+ExtensionsTests.swift */; };
		AB2A444C23A3CB6900AD3849 /* CGVector+ExtensionsTests.swift in Sources */ = {isa = PBXBuildFile; fileRef = AB2A444B23A3CB6900AD3849 /* CGVector+ExtensionsTests.swift */; };
		AB2A444E23A3CD5200AD3849 /* CGFloat+ExtensionsTests.swift in Sources */ = {isa = PBXBuildFile; fileRef = AB2A444D23A3CD5200AD3849 /* CGFloat+ExtensionsTests.swift */; };
		AB2A445023A3CDDA00AD3849 /* CGPoint_+ExtensionsTests.swift in Sources */ = {isa = PBXBuildFile; fileRef = AB2A444F23A3CDDA00AD3849 /* CGPoint_+ExtensionsTests.swift */; };
		AB2A445223A3CF1E00AD3849 /* ShapeDeciderTests.swift in Sources */ = {isa = PBXBuildFile; fileRef = AB2A445123A3CF1E00AD3849 /* ShapeDeciderTests.swift */; };
		AB34F90A2371B34F000E7B86 /* ShapeAnalyser.swift in Sources */ = {isa = PBXBuildFile; fileRef = AB34F9092371B34F000E7B86 /* ShapeAnalyser.swift */; };
		AB34F90C2371D22D000E7B86 /* Orientation.swift in Sources */ = {isa = PBXBuildFile; fileRef = AB34F90B2371D22D000E7B86 /* Orientation.swift */; };
		AB34F90E2372D1FD000E7B86 /* Stack.swift in Sources */ = {isa = PBXBuildFile; fileRef = AB34F90D2372D1FD000E7B86 /* Stack.swift */; };
		AB34F9102372D362000E7B86 /* StackTests.swift in Sources */ = {isa = PBXBuildFile; fileRef = AB34F90F2372D362000E7B86 /* StackTests.swift */; };
		AB36BBE9235735CA006B8607 /* AppDelegate.swift in Sources */ = {isa = PBXBuildFile; fileRef = AB36BBE8235735CA006B8607 /* AppDelegate.swift */; };
		AB36BBEB235735CA006B8607 /* SceneDelegate.swift in Sources */ = {isa = PBXBuildFile; fileRef = AB36BBEA235735CA006B8607 /* SceneDelegate.swift */; };
		AB36BBED235735CA006B8607 /* DrawingViewController.swift in Sources */ = {isa = PBXBuildFile; fileRef = AB36BBEC235735CA006B8607 /* DrawingViewController.swift */; };
		AB36BBF0235735CA006B8607 /* Main.storyboard in Resources */ = {isa = PBXBuildFile; fileRef = AB36BBEE235735CA006B8607 /* Main.storyboard */; };
		AB36BBF2235735CB006B8607 /* Assets.xcassets in Resources */ = {isa = PBXBuildFile; fileRef = AB36BBF1235735CB006B8607 /* Assets.xcassets */; };
		AB36BBF5235735CB006B8607 /* LaunchScreen.storyboard in Resources */ = {isa = PBXBuildFile; fileRef = AB36BBF3235735CB006B8607 /* LaunchScreen.storyboard */; };
		AB41AE0B23688D4200273845 /* Collection+Extensions.swift in Sources */ = {isa = PBXBuildFile; fileRef = AB41AE0A23688D4200273845 /* Collection+Extensions.swift */; };
		AB41AE0D2369A1EE00273845 /* UIColor+Extensions.swift in Sources */ = {isa = PBXBuildFile; fileRef = AB41AE0C2369A1EE00273845 /* UIColor+Extensions.swift */; };
		AB41AE0F2369AEDB00273845 /* Line.swift in Sources */ = {isa = PBXBuildFile; fileRef = AB41AE0E2369AEDB00273845 /* Line.swift */; };
		AB44795523630972000BF2A5 /* DetailAnalyser.swift in Sources */ = {isa = PBXBuildFile; fileRef = AB44795423630972000BF2A5 /* DetailAnalyser.swift */; };
		AB4B8019241795B1001EEB96 /* logicGateRecogniser.xcdatamodeld in Sources */ = {isa = PBXBuildFile; fileRef = AB4B8017241795B1001EEB96 /* logicGateRecogniser.xcdatamodeld */; };
		AB5370BA23FBD7AE00E5FD3F /* CanvasViewModel.swift in Sources */ = {isa = PBXBuildFile; fileRef = AB5370B723FBD7A400E5FD3F /* CanvasViewModel.swift */; };
		AB5370BC23FC005600E5FD3F /* GateManager.swift in Sources */ = {isa = PBXBuildFile; fileRef = AB5370BB23FC005600E5FD3F /* GateManager.swift */; };
		AB5370BE23FD2E7700E5FD3F /* Sequence+ExtensionsTests.swift in Sources */ = {isa = PBXBuildFile; fileRef = AB5370BD23FD2E7700E5FD3F /* Sequence+ExtensionsTests.swift */; };
		AB5370C023FD2F5A00E5FD3F /* UIBezierPath+ExtensionsTests.swift in Sources */ = {isa = PBXBuildFile; fileRef = AB5370BF23FD2F5A00E5FD3F /* UIBezierPath+ExtensionsTests.swift */; };
		AB5370C323FD310C00E5FD3F /* PredicateTests.swift in Sources */ = {isa = PBXBuildFile; fileRef = AB5370C223FD310C00E5FD3F /* PredicateTests.swift */; };
		AB5370C523FD459B00E5FD3F /* LineTests.swift in Sources */ = {isa = PBXBuildFile; fileRef = AB5370C423FD459B00E5FD3F /* LineTests.swift */; };
		AB5370C723FD468600E5FD3F /* ConvexHullTests.swift in Sources */ = {isa = PBXBuildFile; fileRef = AB5370C623FD468600E5FD3F /* ConvexHullTests.swift */; };
		AB5370C923FD481C00E5FD3F /* ShapeTests.swift in Sources */ = {isa = PBXBuildFile; fileRef = AB5370C823FD481C00E5FD3F /* ShapeTests.swift */; };
		AB557E9823F2B0AE00D9FA5F /* GateType.swift in Sources */ = {isa = PBXBuildFile; fileRef = AB557E9723F2B0AE00D9FA5F /* GateType.swift */; };
		AB826CBA23A3C04F00A01D23 /* Array+ExtensionsTests.swift in Sources */ = {isa = PBXBuildFile; fileRef = AB826CB923A3C04F00A01D23 /* Array+ExtensionsTests.swift */; };
		AB84D0BC23E85652005E7DC7 /* CGRect+Extensions.swift in Sources */ = {isa = PBXBuildFile; fileRef = AB84D0BB23E85652005E7DC7 /* CGRect+Extensions.swift */; };
		AB84F128237EC31200D4CE37 /* Matrix.swift in Sources */ = {isa = PBXBuildFile; fileRef = AB84F127237EC31200D4CE37 /* Matrix.swift */; };
		AB84F12A237EC38800D4CE37 /* Number.swift in Sources */ = {isa = PBXBuildFile; fileRef = AB84F129237EC38800D4CE37 /* Number.swift */; };
		AB84F12E237F010A00D4CE37 /* BoundingBox.swift in Sources */ = {isa = PBXBuildFile; fileRef = AB84F12D237F010A00D4CE37 /* BoundingBox.swift */; };
		AB84F130237F012E00D4CE37 /* ConvexHull.swift in Sources */ = {isa = PBXBuildFile; fileRef = AB84F12F237F012E00D4CE37 /* ConvexHull.swift */; };
		AB882DE423E97A7400467451 /* CGRect+ExtensionsTests.swift in Sources */ = {isa = PBXBuildFile; fileRef = AB882DE323E97A7400467451 /* CGRect+ExtensionsTests.swift */; };
		AB882DE523E97B3200467451 /* CGRect+Extensions.swift in Sources */ = {isa = PBXBuildFile; fileRef = AB84D0BB23E85652005E7DC7 /* CGRect+Extensions.swift */; };
		AB8F6906237444C30024BC6D /* RecogniserTests.swift in Sources */ = {isa = PBXBuildFile; fileRef = AB8F6905237444C30024BC6D /* RecogniserTests.swift */; };
		AB93C97023F1841600CD8006 /* ShapeCombiner.swift in Sources */ = {isa = PBXBuildFile; fileRef = AB93C96F23F1841500CD8006 /* ShapeCombiner.swift */; };
		AB93C97323F185FB00CD8006 /* Predicate.swift in Sources */ = {isa = PBXBuildFile; fileRef = AB93C97223F185FB00CD8006 /* Predicate.swift */; };
		AB9F1DA82372F45900E9E81C /* Triangle.swift in Sources */ = {isa = PBXBuildFile; fileRef = AB9F1DA72372F45900E9E81C /* Triangle.swift */; };
		AB9F1DAA2372F8F600E9E81C /* TriangleTests.swift in Sources */ = {isa = PBXBuildFile; fileRef = AB9F1DA92372F8F600E9E81C /* TriangleTests.swift */; };
		AB9F33792358862300A39A44 /* DetectedGateInfo.xib in Resources */ = {isa = PBXBuildFile; fileRef = AB9F33782358862300A39A44 /* DetectedGateInfo.xib */; };
		AB9F337C235887C300A39A44 /* DetectedGateInfoView.swift in Sources */ = {isa = PBXBuildFile; fileRef = AB9F337B235887C300A39A44 /* DetectedGateInfoView.swift */; };
		AB9FC19923673BEB003D1A85 /* Array+Extensions.swift in Sources */ = {isa = PBXBuildFile; fileRef = AB9FC19823673BEB003D1A85 /* Array+Extensions.swift */; };
		ABBDAB882362EDEE00DBFDC1 /* CanvasView.swift in Sources */ = {isa = PBXBuildFile; fileRef = ABBDAB872362EDEE00DBFDC1 /* CanvasView.swift */; };
		ABC76DF223798A22001A7A29 /* CGPoint+Extensions.swift in Sources */ = {isa = PBXBuildFile; fileRef = ABC76DF123798A21001A7A29 /* CGPoint+Extensions.swift */; };
		ABCA2C6823E171D400746742 /* Notifications+Extensions.swift in Sources */ = {isa = PBXBuildFile; fileRef = ABCA2C6723E171D400746742 /* Notifications+Extensions.swift */; };
		ABCA2C6A23E173D200746742 /* Shape.swift in Sources */ = {isa = PBXBuildFile; fileRef = ABCA2C6923E173D200746742 /* Shape.swift */; };
		ABD5F1A72382B8B9002FFD16 /* Perimeter.swift in Sources */ = {isa = PBXBuildFile; fileRef = ABD5F1A62382B8B9002FFD16 /* Perimeter.swift */; };
		ABD5F1AA2382BB79002FFD16 /* Stroke.swift in Sources */ = {isa = PBXBuildFile; fileRef = ABD5F1A92382BB79002FFD16 /* Stroke.swift */; };
		ABD5F1AD2382BC61002FFD16 /* PerimeterTests.swift in Sources */ = {isa = PBXBuildFile; fileRef = ABD5F1AC2382BC61002FFD16 /* PerimeterTests.swift */; };
		ABD5F1B02382C0EB002FFD16 /* StrokeTests.swift in Sources */ = {isa = PBXBuildFile; fileRef = ABD5F1AF2382C0EB002FFD16 /* StrokeTests.swift */; };
		ABD5F1B22382CBCC002FFD16 /* ShapeRecogniser.swift in Sources */ = {isa = PBXBuildFile; fileRef = ABD5F1B12382CBCC002FFD16 /* ShapeRecogniser.swift */; };
		ABF06A5823588CF6006C8E2B /* UIView+Extentions.swift in Sources */ = {isa = PBXBuildFile; fileRef = ABF06A5723588CF6006C8E2B /* UIView+Extentions.swift */; };
/* End PBXBuildFile section */

/* Begin PBXContainerItemProxy section */
		AB36BBFC235735CC006B8607 /* PBXContainerItemProxy */ = {
			isa = PBXContainerItemProxy;
			containerPortal = AB36BBDD235735CA006B8607 /* Project object */;
			proxyType = 1;
			remoteGlobalIDString = AB36BBE4235735CA006B8607;
			remoteInfo = "Logic Gate Recogniser";
		};
/* End PBXContainerItemProxy section */

/* Begin PBXFileReference section */
		AB0866FE2386C97000E30B50 /* ShapeDecider.swift */ = {isa = PBXFileReference; lastKnownFileType = sourcecode.swift; path = ShapeDecider.swift; sourceTree = "<group>"; };
		AB0BA48323F400F800288D37 /* Gate.swift */ = {isa = PBXFileReference; lastKnownFileType = sourcecode.swift; path = Gate.swift; sourceTree = "<group>"; };
		AB21A205236B256000BCE5E0 /* CGVector+Extensions.swift */ = {isa = PBXFileReference; lastKnownFileType = sourcecode.swift; path = "CGVector+Extensions.swift"; sourceTree = "<group>"; };
		AB21A207236B678700BCE5E0 /* CGFloat+Extensions.swift */ = {isa = PBXFileReference; lastKnownFileType = sourcecode.swift; path = "CGFloat+Extensions.swift"; sourceTree = "<group>"; };
		AB2540DC23F55A9400204C5F /* UIBezierPath+Extensions.swift */ = {isa = PBXFileReference; lastKnownFileType = sourcecode.swift; path = "UIBezierPath+Extensions.swift"; sourceTree = "<group>"; };
		AB2540DE23F56FB000204C5F /* DrawingTools.swift */ = {isa = PBXFileReference; lastKnownFileType = sourcecode.swift; path = DrawingTools.swift; sourceTree = "<group>"; };
		AB2540E023F57A4100204C5F /* ShapeAttributes.swift */ = {isa = PBXFileReference; lastKnownFileType = sourcecode.swift; path = ShapeAttributes.swift; sourceTree = "<group>"; };
		AB27163C23EAF92100323FAA /* Sequence+Extensions.swift */ = {isa = PBXFileReference; lastKnownFileType = sourcecode.swift; path = "Sequence+Extensions.swift"; sourceTree = "<group>"; };
		AB2A444923A3C9DB00AD3849 /* Collection+ExtensionsTests.swift */ = {isa = PBXFileReference; lastKnownFileType = sourcecode.swift; path = "Collection+ExtensionsTests.swift"; sourceTree = "<group>"; };
		AB2A444B23A3CB6900AD3849 /* CGVector+ExtensionsTests.swift */ = {isa = PBXFileReference; lastKnownFileType = sourcecode.swift; path = "CGVector+ExtensionsTests.swift"; sourceTree = "<group>"; };
		AB2A444D23A3CD5200AD3849 /* CGFloat+ExtensionsTests.swift */ = {isa = PBXFileReference; lastKnownFileType = sourcecode.swift; path = "CGFloat+ExtensionsTests.swift"; sourceTree = "<group>"; };
		AB2A444F23A3CDDA00AD3849 /* CGPoint_+ExtensionsTests.swift */ = {isa = PBXFileReference; lastKnownFileType = sourcecode.swift; path = "CGPoint_+ExtensionsTests.swift"; sourceTree = "<group>"; };
		AB2A445123A3CF1E00AD3849 /* ShapeDeciderTests.swift */ = {isa = PBXFileReference; lastKnownFileType = sourcecode.swift; path = ShapeDeciderTests.swift; sourceTree = "<group>"; };
		AB34F9092371B34F000E7B86 /* ShapeAnalyser.swift */ = {isa = PBXFileReference; lastKnownFileType = sourcecode.swift; path = ShapeAnalyser.swift; sourceTree = "<group>"; };
		AB34F90B2371D22D000E7B86 /* Orientation.swift */ = {isa = PBXFileReference; lastKnownFileType = sourcecode.swift; path = Orientation.swift; sourceTree = "<group>"; };
		AB34F90D2372D1FD000E7B86 /* Stack.swift */ = {isa = PBXFileReference; lastKnownFileType = sourcecode.swift; path = Stack.swift; sourceTree = "<group>"; };
		AB34F90F2372D362000E7B86 /* StackTests.swift */ = {isa = PBXFileReference; lastKnownFileType = sourcecode.swift; path = StackTests.swift; sourceTree = "<group>"; };
		AB36BBE5235735CA006B8607 /* Recogniser.app */ = {isa = PBXFileReference; explicitFileType = wrapper.application; includeInIndex = 0; path = Recogniser.app; sourceTree = BUILT_PRODUCTS_DIR; };
		AB36BBE8235735CA006B8607 /* AppDelegate.swift */ = {isa = PBXFileReference; lastKnownFileType = sourcecode.swift; path = AppDelegate.swift; sourceTree = "<group>"; };
		AB36BBEA235735CA006B8607 /* SceneDelegate.swift */ = {isa = PBXFileReference; lastKnownFileType = sourcecode.swift; path = SceneDelegate.swift; sourceTree = "<group>"; };
		AB36BBEC235735CA006B8607 /* DrawingViewController.swift */ = {isa = PBXFileReference; lastKnownFileType = sourcecode.swift; path = DrawingViewController.swift; sourceTree = "<group>"; };
		AB36BBEF235735CA006B8607 /* Base */ = {isa = PBXFileReference; lastKnownFileType = file.storyboard; name = Base; path = Base.lproj/Main.storyboard; sourceTree = "<group>"; };
		AB36BBF1235735CB006B8607 /* Assets.xcassets */ = {isa = PBXFileReference; lastKnownFileType = folder.assetcatalog; path = Assets.xcassets; sourceTree = "<group>"; };
		AB36BBF4235735CB006B8607 /* Base */ = {isa = PBXFileReference; lastKnownFileType = file.storyboard; name = Base; path = Base.lproj/LaunchScreen.storyboard; sourceTree = "<group>"; };
		AB36BBF6235735CB006B8607 /* Info.plist */ = {isa = PBXFileReference; lastKnownFileType = text.plist.xml; path = Info.plist; sourceTree = "<group>"; };
		AB36BBFB235735CC006B8607 /* Logic Gate RecogniserTests.xctest */ = {isa = PBXFileReference; explicitFileType = wrapper.cfbundle; includeInIndex = 0; path = "Logic Gate RecogniserTests.xctest"; sourceTree = BUILT_PRODUCTS_DIR; };
		AB36BC01235735CC006B8607 /* Info.plist */ = {isa = PBXFileReference; lastKnownFileType = text.plist.xml; path = Info.plist; sourceTree = "<group>"; };
		AB36BC0A23574305006B8607 /* Logic Gate Recogniser.entitlements */ = {isa = PBXFileReference; lastKnownFileType = text.plist.entitlements; path = "Logic Gate Recogniser.entitlements"; sourceTree = "<group>"; };
		AB41AE0A23688D4200273845 /* Collection+Extensions.swift */ = {isa = PBXFileReference; lastKnownFileType = sourcecode.swift; path = "Collection+Extensions.swift"; sourceTree = "<group>"; };
		AB41AE0C2369A1EE00273845 /* UIColor+Extensions.swift */ = {isa = PBXFileReference; lastKnownFileType = sourcecode.swift; path = "UIColor+Extensions.swift"; sourceTree = "<group>"; };
		AB41AE0E2369AEDB00273845 /* Line.swift */ = {isa = PBXFileReference; lastKnownFileType = sourcecode.swift; path = Line.swift; sourceTree = "<group>"; };
		AB44795423630972000BF2A5 /* DetailAnalyser.swift */ = {isa = PBXFileReference; lastKnownFileType = sourcecode.swift; path = DetailAnalyser.swift; sourceTree = "<group>"; };
		AB4B8018241795B1001EEB96 /* Logic Gate Recogniser.xcdatamodel */ = {isa = PBXFileReference; lastKnownFileType = wrapper.xcdatamodel; path = "Logic Gate Recogniser.xcdatamodel"; sourceTree = "<group>"; };
		AB5370B723FBD7A400E5FD3F /* CanvasViewModel.swift */ = {isa = PBXFileReference; lastKnownFileType = sourcecode.swift; path = CanvasViewModel.swift; sourceTree = "<group>"; };
		AB5370BB23FC005600E5FD3F /* GateManager.swift */ = {isa = PBXFileReference; lastKnownFileType = sourcecode.swift; path = GateManager.swift; sourceTree = "<group>"; };
		AB5370BD23FD2E7700E5FD3F /* Sequence+ExtensionsTests.swift */ = {isa = PBXFileReference; lastKnownFileType = sourcecode.swift; path = "Sequence+ExtensionsTests.swift"; sourceTree = "<group>"; };
		AB5370BF23FD2F5A00E5FD3F /* UIBezierPath+ExtensionsTests.swift */ = {isa = PBXFileReference; lastKnownFileType = sourcecode.swift; path = "UIBezierPath+ExtensionsTests.swift"; sourceTree = "<group>"; };
		AB5370C223FD310C00E5FD3F /* PredicateTests.swift */ = {isa = PBXFileReference; lastKnownFileType = sourcecode.swift; path = PredicateTests.swift; sourceTree = "<group>"; };
		AB5370C423FD459B00E5FD3F /* LineTests.swift */ = {isa = PBXFileReference; lastKnownFileType = sourcecode.swift; path = LineTests.swift; sourceTree = "<group>"; };
		AB5370C623FD468600E5FD3F /* ConvexHullTests.swift */ = {isa = PBXFileReference; lastKnownFileType = sourcecode.swift; path = ConvexHullTests.swift; sourceTree = "<group>"; };
		AB5370C823FD481C00E5FD3F /* ShapeTests.swift */ = {isa = PBXFileReference; lastKnownFileType = sourcecode.swift; path = ShapeTests.swift; sourceTree = "<group>"; };
		AB557E9723F2B0AE00D9FA5F /* GateType.swift */ = {isa = PBXFileReference; lastKnownFileType = sourcecode.swift; path = GateType.swift; sourceTree = "<group>"; };
		AB826CB923A3C04F00A01D23 /* Array+ExtensionsTests.swift */ = {isa = PBXFileReference; lastKnownFileType = sourcecode.swift; path = "Array+ExtensionsTests.swift"; sourceTree = "<group>"; };
		AB84D0BB23E85652005E7DC7 /* CGRect+Extensions.swift */ = {isa = PBXFileReference; lastKnownFileType = sourcecode.swift; path = "CGRect+Extensions.swift"; sourceTree = "<group>"; };
		AB84F127237EC31200D4CE37 /* Matrix.swift */ = {isa = PBXFileReference; lastKnownFileType = sourcecode.swift; path = Matrix.swift; sourceTree = "<group>"; };
		AB84F129237EC38800D4CE37 /* Number.swift */ = {isa = PBXFileReference; lastKnownFileType = sourcecode.swift; path = Number.swift; sourceTree = "<group>"; };
		AB84F12D237F010A00D4CE37 /* BoundingBox.swift */ = {isa = PBXFileReference; lastKnownFileType = sourcecode.swift; path = BoundingBox.swift; sourceTree = "<group>"; };
		AB84F12F237F012E00D4CE37 /* ConvexHull.swift */ = {isa = PBXFileReference; lastKnownFileType = sourcecode.swift; path = ConvexHull.swift; sourceTree = "<group>"; };
		AB882DE323E97A7400467451 /* CGRect+ExtensionsTests.swift */ = {isa = PBXFileReference; lastKnownFileType = sourcecode.swift; path = "CGRect+ExtensionsTests.swift"; sourceTree = "<group>"; };
		AB8F6905237444C30024BC6D /* RecogniserTests.swift */ = {isa = PBXFileReference; lastKnownFileType = sourcecode.swift; path = RecogniserTests.swift; sourceTree = "<group>"; };
		AB93C96F23F1841500CD8006 /* ShapeCombiner.swift */ = {isa = PBXFileReference; lastKnownFileType = sourcecode.swift; path = ShapeCombiner.swift; sourceTree = "<group>"; };
		AB93C97223F185FB00CD8006 /* Predicate.swift */ = {isa = PBXFileReference; lastKnownFileType = sourcecode.swift; path = Predicate.swift; sourceTree = "<group>"; };
		AB9F1DA72372F45900E9E81C /* Triangle.swift */ = {isa = PBXFileReference; lastKnownFileType = sourcecode.swift; path = Triangle.swift; sourceTree = "<group>"; };
		AB9F1DA92372F8F600E9E81C /* TriangleTests.swift */ = {isa = PBXFileReference; lastKnownFileType = sourcecode.swift; path = TriangleTests.swift; sourceTree = "<group>"; };
		AB9F33782358862300A39A44 /* DetectedGateInfo.xib */ = {isa = PBXFileReference; lastKnownFileType = file.xib; path = DetectedGateInfo.xib; sourceTree = "<group>"; };
		AB9F337B235887C300A39A44 /* DetectedGateInfoView.swift */ = {isa = PBXFileReference; lastKnownFileType = sourcecode.swift; path = DetectedGateInfoView.swift; sourceTree = "<group>"; };
		AB9FC19823673BEB003D1A85 /* Array+Extensions.swift */ = {isa = PBXFileReference; lastKnownFileType = sourcecode.swift; path = "Array+Extensions.swift"; sourceTree = "<group>"; };
		ABBDAB872362EDEE00DBFDC1 /* CanvasView.swift */ = {isa = PBXFileReference; lastKnownFileType = sourcecode.swift; path = CanvasView.swift; sourceTree = "<group>"; };
		ABC76DF123798A21001A7A29 /* CGPoint+Extensions.swift */ = {isa = PBXFileReference; lastKnownFileType = sourcecode.swift; path = "CGPoint+Extensions.swift"; sourceTree = "<group>"; };
		ABCA2C6723E171D400746742 /* Notifications+Extensions.swift */ = {isa = PBXFileReference; lastKnownFileType = sourcecode.swift; path = "Notifications+Extensions.swift"; sourceTree = "<group>"; };
		ABCA2C6923E173D200746742 /* Shape.swift */ = {isa = PBXFileReference; lastKnownFileType = sourcecode.swift; path = Shape.swift; sourceTree = "<group>"; };
		ABD5F1A62382B8B9002FFD16 /* Perimeter.swift */ = {isa = PBXFileReference; lastKnownFileType = sourcecode.swift; path = Perimeter.swift; sourceTree = "<group>"; };
		ABD5F1A92382BB79002FFD16 /* Stroke.swift */ = {isa = PBXFileReference; lastKnownFileType = sourcecode.swift; path = Stroke.swift; sourceTree = "<group>"; };
		ABD5F1AC2382BC61002FFD16 /* PerimeterTests.swift */ = {isa = PBXFileReference; lastKnownFileType = sourcecode.swift; path = PerimeterTests.swift; sourceTree = "<group>"; };
		ABD5F1AF2382C0EB002FFD16 /* StrokeTests.swift */ = {isa = PBXFileReference; lastKnownFileType = sourcecode.swift; path = StrokeTests.swift; sourceTree = "<group>"; };
		ABD5F1B12382CBCC002FFD16 /* ShapeRecogniser.swift */ = {isa = PBXFileReference; lastKnownFileType = sourcecode.swift; path = ShapeRecogniser.swift; sourceTree = "<group>"; };
		ABF06A5723588CF6006C8E2B /* UIView+Extentions.swift */ = {isa = PBXFileReference; lastKnownFileType = sourcecode.swift; path = "UIView+Extentions.swift"; sourceTree = "<group>"; };
/* End PBXFileReference section */

/* Begin PBXFrameworksBuildPhase section */
		AB36BBE2235735CA006B8607 /* Frameworks */ = {
			isa = PBXFrameworksBuildPhase;
			buildActionMask = 2147483647;
			files = (
			);
			runOnlyForDeploymentPostprocessing = 0;
		};
		AB36BBF8235735CC006B8607 /* Frameworks */ = {
			isa = PBXFrameworksBuildPhase;
			buildActionMask = 2147483647;
			files = (
			);
			runOnlyForDeploymentPostprocessing = 0;
		};
/* End PBXFrameworksBuildPhase section */

/* Begin PBXGroup section */
		AB0BA48023F4005000288D37 /* Gate Model */ = {
			isa = PBXGroup;
			children = (
				AB557E9623F2B08D00D9FA5F /* Gates */,
				AB5370BB23FC005600E5FD3F /* GateManager.swift */,
			);
			path = "Gate Model";
			sourceTree = "<group>";
		};
		AB0D122F237F0813000776A5 /* Stack */ = {
			isa = PBXGroup;
			children = (
				AB34F90F2372D362000E7B86 /* StackTests.swift */,
			);
			path = Stack;
			sourceTree = "<group>";
		};
		AB0D1230237F081C000776A5 /* Shapes */ = {
			isa = PBXGroup;
			children = (
				AB9F1DA92372F8F600E9E81C /* TriangleTests.swift */,
				ABD5F1AC2382BC61002FFD16 /* PerimeterTests.swift */,
				AB5370C423FD459B00E5FD3F /* LineTests.swift */,
				AB5370C623FD468600E5FD3F /* ConvexHullTests.swift */,
				AB5370C823FD481C00E5FD3F /* ShapeTests.swift */,
			);
			path = Shapes;
			sourceTree = "<group>";
		};
		AB34F9112372D367000E7B86 /* Drawing Recognition */ = {
			isa = PBXGroup;
			children = (
				ABD5F1AB2382BC39002FFD16 /* Data Structures */,
				AB8F6905237444C30024BC6D /* RecogniserTests.swift */,
				AB2A445123A3CF1E00AD3849 /* ShapeDeciderTests.swift */,
			);
			path = "Drawing Recognition";
			sourceTree = "<group>";
		};
		AB36BBDC235735CA006B8607 = {
			isa = PBXGroup;
			children = (
				AB36BBE7235735CA006B8607 /* Logic Gate Recogniser */,
				AB36BBFE235735CC006B8607 /* Logic Gate RecogniserTests */,
				AB36BBE6235735CA006B8607 /* Products */,
			);
			sourceTree = "<group>";
		};
		AB36BBE6235735CA006B8607 /* Products */ = {
			isa = PBXGroup;
			children = (
				AB36BBE5235735CA006B8607 /* Recogniser.app */,
				AB36BBFB235735CC006B8607 /* Logic Gate RecogniserTests.xctest */,
			);
			name = Products;
			sourceTree = "<group>";
		};
		AB36BBE7235735CA006B8607 /* Logic Gate Recogniser */ = {
			isa = PBXGroup;
			children = (
				ABF06A5623588CA3006C8E2B /* Extentions */,
				AB4479532363095E000BF2A5 /* Drawing Recognition */,
				AB0BA48023F4005000288D37 /* Gate Model */,
				AB9F337A235887A100A39A44 /* View Controllers */,
				AB9F3375235885A700A39A44 /* Storyboards */,
				AB36BBE8235735CA006B8607 /* AppDelegate.swift */,
				AB4B8017241795B1001EEB96 /* logicGateRecogniser.xcdatamodeld */,
				AB36BC0A23574305006B8607 /* Logic Gate Recogniser.entitlements */,
				AB36BBEA235735CA006B8607 /* SceneDelegate.swift */,
				AB36BBF1235735CB006B8607 /* Assets.xcassets */,
				AB36BBF6235735CB006B8607 /* Info.plist */,
			);
			path = "Logic Gate Recogniser";
			sourceTree = "<group>";
		};
		AB36BBFE235735CC006B8607 /* Logic Gate RecogniserTests */ = {
			isa = PBXGroup;
			children = (
				AB826CB623A3BFB900A01D23 /* Extensions */,
				AB34F9112372D367000E7B86 /* Drawing Recognition */,
				AB36BC01235735CC006B8607 /* Info.plist */,
			);
			path = "Logic Gate RecogniserTests";
			sourceTree = "<group>";
		};
		AB4479532363095E000BF2A5 /* Drawing Recognition */ = {
			isa = PBXGroup;
			children = (
				AB84F125237EC29400D4CE37 /* Data Structures */,
				AB44795423630972000BF2A5 /* DetailAnalyser.swift */,
				AB34F9092371B34F000E7B86 /* ShapeAnalyser.swift */,
				AB0866FE2386C97000E30B50 /* ShapeDecider.swift */,
				ABD5F1B12382CBCC002FFD16 /* ShapeRecogniser.swift */,
				AB93C96F23F1841500CD8006 /* ShapeCombiner.swift */,
			);
			path = "Drawing Recognition";
			sourceTree = "<group>";
		};
		AB5370C123FD30F300E5FD3F /* Predicate */ = {
			isa = PBXGroup;
			children = (
				AB5370C223FD310C00E5FD3F /* PredicateTests.swift */,
			);
			path = Predicate;
			sourceTree = "<group>";
		};
		AB557E9623F2B08D00D9FA5F /* Gates */ = {
			isa = PBXGroup;
			children = (
				AB557E9723F2B0AE00D9FA5F /* GateType.swift */,
				AB0BA48323F400F800288D37 /* Gate.swift */,
			);
			path = Gates;
			sourceTree = "<group>";
		};
		AB826CB623A3BFB900A01D23 /* Extensions */ = {
			isa = PBXGroup;
			children = (
				AB826CB923A3C04F00A01D23 /* Array+ExtensionsTests.swift */,
				AB2A444923A3C9DB00AD3849 /* Collection+ExtensionsTests.swift */,
				AB2A444B23A3CB6900AD3849 /* CGVector+ExtensionsTests.swift */,
				AB2A444D23A3CD5200AD3849 /* CGFloat+ExtensionsTests.swift */,
				AB2A444F23A3CDDA00AD3849 /* CGPoint_+ExtensionsTests.swift */,
				AB882DE323E97A7400467451 /* CGRect+ExtensionsTests.swift */,
				AB5370BD23FD2E7700E5FD3F /* Sequence+ExtensionsTests.swift */,
				AB5370BF23FD2F5A00E5FD3F /* UIBezierPath+ExtensionsTests.swift */,
			);
			path = Extensions;
			sourceTree = "<group>";
		};
		AB84F125237EC29400D4CE37 /* Data Structures */ = {
			isa = PBXGroup;
			children = (
				AB93C97123F185EC00CD8006 /* Predicate */,
				ABD5F1A82382BB6A002FFD16 /* Drawing */,
				AB84F12B237EFFBF00D4CE37 /* Shapes */,
				AB84F126237EC2A000D4CE37 /* Matrix */,
				AB84F12C237EFFDD00D4CE37 /* Stack */,
			);
			path = "Data Structures";
			sourceTree = "<group>";
		};
		AB84F126237EC2A000D4CE37 /* Matrix */ = {
			isa = PBXGroup;
			children = (
				AB84F127237EC31200D4CE37 /* Matrix.swift */,
				AB84F129237EC38800D4CE37 /* Number.swift */,
			);
			path = Matrix;
			sourceTree = "<group>";
		};
		AB84F12B237EFFBF00D4CE37 /* Shapes */ = {
			isa = PBXGroup;
			children = (
				AB41AE0E2369AEDB00273845 /* Line.swift */,
				AB9F1DA72372F45900E9E81C /* Triangle.swift */,
				AB84F12D237F010A00D4CE37 /* BoundingBox.swift */,
				AB84F12F237F012E00D4CE37 /* ConvexHull.swift */,
				ABD5F1A62382B8B9002FFD16 /* Perimeter.swift */,
				ABCA2C6923E173D200746742 /* Shape.swift */,
				AB2540E023F57A4100204C5F /* ShapeAttributes.swift */,
			);
			path = Shapes;
			sourceTree = "<group>";
		};
		AB84F12C237EFFDD00D4CE37 /* Stack */ = {
			isa = PBXGroup;
			children = (
				AB34F90B2371D22D000E7B86 /* Orientation.swift */,
				AB34F90D2372D1FD000E7B86 /* Stack.swift */,
			);
			path = Stack;
			sourceTree = "<group>";
		};
		AB93C97123F185EC00CD8006 /* Predicate */ = {
			isa = PBXGroup;
			children = (
				AB93C97223F185FB00CD8006 /* Predicate.swift */,
			);
			path = Predicate;
			sourceTree = "<group>";
		};
		AB9F3375235885A700A39A44 /* Storyboards */ = {
			isa = PBXGroup;
			children = (
				AB36BBEE235735CA006B8607 /* Main.storyboard */,
				AB36BBF3235735CB006B8607 /* LaunchScreen.storyboard */,
				AB9F33782358862300A39A44 /* DetectedGateInfo.xib */,
			);
			path = Storyboards;
			sourceTree = "<group>";
		};
		AB9F337A235887A100A39A44 /* View Controllers */ = {
			isa = PBXGroup;
			children = (
				AB36BBEC235735CA006B8607 /* DrawingViewController.swift */,
				AB9F337B235887C300A39A44 /* DetectedGateInfoView.swift */,
				ABBDAB872362EDEE00DBFDC1 /* CanvasView.swift */,
				AB5370B723FBD7A400E5FD3F /* CanvasViewModel.swift */,
			);
			path = "View Controllers";
			sourceTree = "<group>";
		};
		ABD5F1A82382BB6A002FFD16 /* Drawing */ = {
			isa = PBXGroup;
			children = (
				ABD5F1A92382BB79002FFD16 /* Stroke.swift */,
				AB2540DE23F56FB000204C5F /* DrawingTools.swift */,
			);
			path = Drawing;
			sourceTree = "<group>";
		};
		ABD5F1AB2382BC39002FFD16 /* Data Structures */ = {
			isa = PBXGroup;
			children = (
				AB5370C123FD30F300E5FD3F /* Predicate */,
				ABD5F1AE2382C0DA002FFD16 /* Drawing */,
				AB0D1230237F081C000776A5 /* Shapes */,
				AB0D122F237F0813000776A5 /* Stack */,
			);
			path = "Data Structures";
			sourceTree = "<group>";
		};
		ABD5F1AE2382C0DA002FFD16 /* Drawing */ = {
			isa = PBXGroup;
			children = (
				ABD5F1AF2382C0EB002FFD16 /* StrokeTests.swift */,
			);
			path = Drawing;
			sourceTree = "<group>";
		};
		ABF06A5623588CA3006C8E2B /* Extentions */ = {
			isa = PBXGroup;
			children = (
				ABF06A5723588CF6006C8E2B /* UIView+Extentions.swift */,
				AB9FC19823673BEB003D1A85 /* Array+Extensions.swift */,
				AB41AE0A23688D4200273845 /* Collection+Extensions.swift */,
				AB41AE0C2369A1EE00273845 /* UIColor+Extensions.swift */,
				AB21A205236B256000BCE5E0 /* CGVector+Extensions.swift */,
				AB21A207236B678700BCE5E0 /* CGFloat+Extensions.swift */,
				ABC76DF123798A21001A7A29 /* CGPoint+Extensions.swift */,
				AB84D0BB23E85652005E7DC7 /* CGRect+Extensions.swift */,
				ABCA2C6723E171D400746742 /* Notifications+Extensions.swift */,
				AB27163C23EAF92100323FAA /* Sequence+Extensions.swift */,
				AB2540DC23F55A9400204C5F /* UIBezierPath+Extensions.swift */,
			);
			path = Extentions;
			sourceTree = "<group>";
		};
/* End PBXGroup section */

/* Begin PBXNativeTarget section */
		AB36BBE4235735CA006B8607 /* Logic Gate Recogniser */ = {
			isa = PBXNativeTarget;
			buildConfigurationList = AB36BC04235735CC006B8607 /* Build configuration list for PBXNativeTarget "Logic Gate Recogniser" */;
			buildPhases = (
				AB36BBE1235735CA006B8607 /* Sources */,
				AB36BBE2235735CA006B8607 /* Frameworks */,
				AB36BBE3235735CA006B8607 /* Resources */,
			);
			buildRules = (
			);
			dependencies = (
			);
			name = "Logic Gate Recogniser";
			productName = "Logic Gate Recogniser";
			productReference = AB36BBE5235735CA006B8607 /* Recogniser.app */;
			productType = "com.apple.product-type.application";
		};
		AB36BBFA235735CC006B8607 /* Logic Gate RecogniserTests */ = {
			isa = PBXNativeTarget;
			buildConfigurationList = AB36BC07235735CC006B8607 /* Build configuration list for PBXNativeTarget "Logic Gate RecogniserTests" */;
			buildPhases = (
				AB36BBF7235735CC006B8607 /* Sources */,
				AB36BBF8235735CC006B8607 /* Frameworks */,
				AB36BBF9235735CC006B8607 /* Resources */,
			);
			buildRules = (
			);
			dependencies = (
				AB36BBFD235735CC006B8607 /* PBXTargetDependency */,
			);
			name = "Logic Gate RecogniserTests";
			productName = "Logic Gate RecogniserTests";
			productReference = AB36BBFB235735CC006B8607 /* Logic Gate RecogniserTests.xctest */;
			productType = "com.apple.product-type.bundle.unit-test";
		};
/* End PBXNativeTarget section */

/* Begin PBXProject section */
		AB36BBDD235735CA006B8607 /* Project object */ = {
			isa = PBXProject;
			attributes = {
				LastSwiftUpdateCheck = 1110;
				LastUpgradeCheck = 1110;
				ORGANIZATIONNAME = "Sonnie Hiles";
				TargetAttributes = {
					AB36BBE4235735CA006B8607 = {
						CreatedOnToolsVersion = 11.1;
					};
					AB36BBFA235735CC006B8607 = {
						CreatedOnToolsVersion = 11.1;
						TestTargetID = AB36BBE4235735CA006B8607;
					};
				};
			};
			buildConfigurationList = AB36BBE0235735CA006B8607 /* Build configuration list for PBXProject "Logic Gate Recogniser" */;
			compatibilityVersion = "Xcode 9.3";
			developmentRegion = en;
			hasScannedForEncodings = 0;
			knownRegions = (
				en,
				Base,
			);
			mainGroup = AB36BBDC235735CA006B8607;
			productRefGroup = AB36BBE6235735CA006B8607 /* Products */;
			projectDirPath = "";
			projectRoot = "";
			targets = (
				AB36BBE4235735CA006B8607 /* Logic Gate Recogniser */,
				AB36BBFA235735CC006B8607 /* Logic Gate RecogniserTests */,
			);
		};
/* End PBXProject section */

/* Begin PBXResourcesBuildPhase section */
		AB36BBE3235735CA006B8607 /* Resources */ = {
			isa = PBXResourcesBuildPhase;
			buildActionMask = 2147483647;
			files = (
				AB9F33792358862300A39A44 /* DetectedGateInfo.xib in Resources */,
				AB36BBF5235735CB006B8607 /* LaunchScreen.storyboard in Resources */,
				AB36BBF2235735CB006B8607 /* Assets.xcassets in Resources */,
				AB36BBF0235735CA006B8607 /* Main.storyboard in Resources */,
			);
			runOnlyForDeploymentPostprocessing = 0;
		};
		AB36BBF9235735CC006B8607 /* Resources */ = {
			isa = PBXResourcesBuildPhase;
			buildActionMask = 2147483647;
			files = (
			);
			runOnlyForDeploymentPostprocessing = 0;
		};
/* End PBXResourcesBuildPhase section */

/* Begin PBXSourcesBuildPhase section */
		AB36BBE1235735CA006B8607 /* Sources */ = {
			isa = PBXSourcesBuildPhase;
			buildActionMask = 2147483647;
			files = (
				AB9F337C235887C300A39A44 /* DetectedGateInfoView.swift in Sources */,
				AB36BBED235735CA006B8607 /* DrawingViewController.swift in Sources */,
				AB21A208236B678700BCE5E0 /* CGFloat+Extensions.swift in Sources */,
				AB84F130237F012E00D4CE37 /* ConvexHull.swift in Sources */,
				ABD5F1B22382CBCC002FFD16 /* ShapeRecogniser.swift in Sources */,
				AB2540DF23F56FB000204C5F /* DrawingTools.swift in Sources */,
				AB9F1DA82372F45900E9E81C /* Triangle.swift in Sources */,
				AB27163D23EAF92100323FAA /* Sequence+Extensions.swift in Sources */,
				AB41AE0B23688D4200273845 /* Collection+Extensions.swift in Sources */,
				ABF06A5823588CF6006C8E2B /* UIView+Extentions.swift in Sources */,
				ABC76DF223798A22001A7A29 /* CGPoint+Extensions.swift in Sources */,
				AB9FC19923673BEB003D1A85 /* Array+Extensions.swift in Sources */,
				AB0866FF2386C97000E30B50 /* ShapeDecider.swift in Sources */,
				AB5370BC23FC005600E5FD3F /* GateManager.swift in Sources */,
				AB41AE0F2369AEDB00273845 /* Line.swift in Sources */,
				AB557E9823F2B0AE00D9FA5F /* GateType.swift in Sources */,
				AB93C97023F1841600CD8006 /* ShapeCombiner.swift in Sources */,
				AB0BA48423F400F800288D37 /* Gate.swift in Sources */,
				AB84F12E237F010A00D4CE37 /* BoundingBox.swift in Sources */,
				ABCA2C6823E171D400746742 /* Notifications+Extensions.swift in Sources */,
				AB21A206236B256000BCE5E0 /* CGVector+Extensions.swift in Sources */,
				ABD5F1AA2382BB79002FFD16 /* Stroke.swift in Sources */,
				AB41AE0D2369A1EE00273845 /* UIColor+Extensions.swift in Sources */,
				AB34F90E2372D1FD000E7B86 /* Stack.swift in Sources */,
				ABBDAB882362EDEE00DBFDC1 /* CanvasView.swift in Sources */,
				AB93C97323F185FB00CD8006 /* Predicate.swift in Sources */,
				AB4B8019241795B1001EEB96 /* logicGateRecogniser.xcdatamodeld in Sources */,
				ABD5F1A72382B8B9002FFD16 /* Perimeter.swift in Sources */,
				AB84F128237EC31200D4CE37 /* Matrix.swift in Sources */,
				AB2540DD23F55A9400204C5F /* UIBezierPath+Extensions.swift in Sources */,
				AB5370BA23FBD7AE00E5FD3F /* CanvasViewModel.swift in Sources */,
				AB84D0BC23E85652005E7DC7 /* CGRect+Extensions.swift in Sources */,
				AB44795523630972000BF2A5 /* DetailAnalyser.swift in Sources */,
				AB84F12A237EC38800D4CE37 /* Number.swift in Sources */,
				AB34F90A2371B34F000E7B86 /* ShapeAnalyser.swift in Sources */,
				ABCA2C6A23E173D200746742 /* Shape.swift in Sources */,
				AB34F90C2371D22D000E7B86 /* Orientation.swift in Sources */,
				AB36BBE9235735CA006B8607 /* AppDelegate.swift in Sources */,
				AB2540E123F57A4100204C5F /* ShapeAttributes.swift in Sources */,
				AB36BBEB235735CA006B8607 /* SceneDelegate.swift in Sources */,
			);
			runOnlyForDeploymentPostprocessing = 0;
		};
		AB36BBF7235735CC006B8607 /* Sources */ = {
			isa = PBXSourcesBuildPhase;
			buildActionMask = 2147483647;
			files = (
				AB882DE423E97A7400467451 /* CGRect+ExtensionsTests.swift in Sources */,
				AB2A444E23A3CD5200AD3849 /* CGFloat+ExtensionsTests.swift in Sources */,
				AB5370BE23FD2E7700E5FD3F /* Sequence+ExtensionsTests.swift in Sources */,
				AB5370C323FD310C00E5FD3F /* PredicateTests.swift in Sources */,
				AB5370C523FD459B00E5FD3F /* LineTests.swift in Sources */,
				AB34F9102372D362000E7B86 /* StackTests.swift in Sources */,
				ABD5F1B02382C0EB002FFD16 /* StrokeTests.swift in Sources */,
				AB2A444A23A3C9DB00AD3849 /* Collection+ExtensionsTests.swift in Sources */,
				AB8F6906237444C30024BC6D /* RecogniserTests.swift in Sources */,
				AB826CBA23A3C04F00A01D23 /* Array+ExtensionsTests.swift in Sources */,
				AB9F1DAA2372F8F600E9E81C /* TriangleTests.swift in Sources */,
				AB5370C723FD468600E5FD3F /* ConvexHullTests.swift in Sources */,
				AB5370C923FD481C00E5FD3F /* ShapeTests.swift in Sources */,
				AB2A444C23A3CB6900AD3849 /* CGVector+ExtensionsTests.swift in Sources */,
				AB2A445023A3CDDA00AD3849 /* CGPoint_+ExtensionsTests.swift in Sources */,
				AB882DE523E97B3200467451 /* CGRect+Extensions.swift in Sources */,
				AB2A445223A3CF1E00AD3849 /* ShapeDeciderTests.swift in Sources */,
				AB5370C023FD2F5A00E5FD3F /* UIBezierPath+ExtensionsTests.swift in Sources */,
				ABD5F1AD2382BC61002FFD16 /* PerimeterTests.swift in Sources */,
			);
			runOnlyForDeploymentPostprocessing = 0;
		};
/* End PBXSourcesBuildPhase section */

/* Begin PBXTargetDependency section */
		AB36BBFD235735CC006B8607 /* PBXTargetDependency */ = {
			isa = PBXTargetDependency;
			target = AB36BBE4235735CA006B8607 /* Logic Gate Recogniser */;
			targetProxy = AB36BBFC235735CC006B8607 /* PBXContainerItemProxy */;
		};
/* End PBXTargetDependency section */

/* Begin PBXVariantGroup section */
		AB36BBEE235735CA006B8607 /* Main.storyboard */ = {
			isa = PBXVariantGroup;
			children = (
				AB36BBEF235735CA006B8607 /* Base */,
			);
			name = Main.storyboard;
			sourceTree = "<group>";
		};
		AB36BBF3235735CB006B8607 /* LaunchScreen.storyboard */ = {
			isa = PBXVariantGroup;
			children = (
				AB36BBF4235735CB006B8607 /* Base */,
			);
			name = LaunchScreen.storyboard;
			sourceTree = "<group>";
		};
/* End PBXVariantGroup section */

/* Begin XCBuildConfiguration section */
		AB36BC02235735CC006B8607 /* Debug */ = {
			isa = XCBuildConfiguration;
			buildSettings = {
				ALWAYS_SEARCH_USER_PATHS = NO;
				CLANG_ANALYZER_NONNULL = YES;
				CLANG_ANALYZER_NUMBER_OBJECT_CONVERSION = YES_AGGRESSIVE;
				CLANG_CXX_LANGUAGE_STANDARD = "gnu++14";
				CLANG_CXX_LIBRARY = "libc++";
				CLANG_ENABLE_MODULES = YES;
				CLANG_ENABLE_OBJC_ARC = YES;
				CLANG_ENABLE_OBJC_WEAK = YES;
				CLANG_WARN_BLOCK_CAPTURE_AUTORELEASING = YES;
				CLANG_WARN_BOOL_CONVERSION = YES;
				CLANG_WARN_COMMA = YES;
				CLANG_WARN_CONSTANT_CONVERSION = YES;
				CLANG_WARN_DEPRECATED_OBJC_IMPLEMENTATIONS = YES;
				CLANG_WARN_DIRECT_OBJC_ISA_USAGE = YES_ERROR;
				CLANG_WARN_DOCUMENTATION_COMMENTS = YES;
				CLANG_WARN_EMPTY_BODY = YES;
				CLANG_WARN_ENUM_CONVERSION = YES;
				CLANG_WARN_INFINITE_RECURSION = YES;
				CLANG_WARN_INT_CONVERSION = YES;
				CLANG_WARN_NON_LITERAL_NULL_CONVERSION = YES;
				CLANG_WARN_OBJC_IMPLICIT_RETAIN_SELF = YES;
				CLANG_WARN_OBJC_LITERAL_CONVERSION = YES;
				CLANG_WARN_OBJC_ROOT_CLASS = YES_ERROR;
				CLANG_WARN_RANGE_LOOP_ANALYSIS = YES;
				CLANG_WARN_STRICT_PROTOTYPES = YES;
				CLANG_WARN_SUSPICIOUS_MOVE = YES;
				CLANG_WARN_UNGUARDED_AVAILABILITY = YES_AGGRESSIVE;
				CLANG_WARN_UNREACHABLE_CODE = YES;
				CLANG_WARN__DUPLICATE_METHOD_MATCH = YES;
				COPY_PHASE_STRIP = NO;
				DEBUG_INFORMATION_FORMAT = dwarf;
				ENABLE_STRICT_OBJC_MSGSEND = YES;
				ENABLE_TESTABILITY = YES;
				GCC_C_LANGUAGE_STANDARD = gnu11;
				GCC_DYNAMIC_NO_PIC = NO;
				GCC_NO_COMMON_BLOCKS = YES;
				GCC_OPTIMIZATION_LEVEL = 0;
				GCC_PREPROCESSOR_DEFINITIONS = (
					"DEBUG=1",
					"$(inherited)",
				);
				GCC_WARN_64_TO_32_BIT_CONVERSION = YES;
				GCC_WARN_ABOUT_RETURN_TYPE = YES_ERROR;
				GCC_WARN_UNDECLARED_SELECTOR = YES;
				GCC_WARN_UNINITIALIZED_AUTOS = YES_AGGRESSIVE;
				GCC_WARN_UNUSED_FUNCTION = YES;
				GCC_WARN_UNUSED_VARIABLE = YES;
				IPHONEOS_DEPLOYMENT_TARGET = 13.1;
				MTL_ENABLE_DEBUG_INFO = INCLUDE_SOURCE;
				MTL_FAST_MATH = YES;
				ONLY_ACTIVE_ARCH = YES;
				SDKROOT = iphoneos;
				SWIFT_ACTIVE_COMPILATION_CONDITIONS = DEBUG;
				SWIFT_OPTIMIZATION_LEVEL = "-Onone";
			};
			name = Debug;
		};
		AB36BC03235735CC006B8607 /* Release */ = {
			isa = XCBuildConfiguration;
			buildSettings = {
				ALWAYS_SEARCH_USER_PATHS = NO;
				CLANG_ANALYZER_NONNULL = YES;
				CLANG_ANALYZER_NUMBER_OBJECT_CONVERSION = YES_AGGRESSIVE;
				CLANG_CXX_LANGUAGE_STANDARD = "gnu++14";
				CLANG_CXX_LIBRARY = "libc++";
				CLANG_ENABLE_MODULES = YES;
				CLANG_ENABLE_OBJC_ARC = YES;
				CLANG_ENABLE_OBJC_WEAK = YES;
				CLANG_WARN_BLOCK_CAPTURE_AUTORELEASING = YES;
				CLANG_WARN_BOOL_CONVERSION = YES;
				CLANG_WARN_COMMA = YES;
				CLANG_WARN_CONSTANT_CONVERSION = YES;
				CLANG_WARN_DEPRECATED_OBJC_IMPLEMENTATIONS = YES;
				CLANG_WARN_DIRECT_OBJC_ISA_USAGE = YES_ERROR;
				CLANG_WARN_DOCUMENTATION_COMMENTS = YES;
				CLANG_WARN_EMPTY_BODY = YES;
				CLANG_WARN_ENUM_CONVERSION = YES;
				CLANG_WARN_INFINITE_RECURSION = YES;
				CLANG_WARN_INT_CONVERSION = YES;
				CLANG_WARN_NON_LITERAL_NULL_CONVERSION = YES;
				CLANG_WARN_OBJC_IMPLICIT_RETAIN_SELF = YES;
				CLANG_WARN_OBJC_LITERAL_CONVERSION = YES;
				CLANG_WARN_OBJC_ROOT_CLASS = YES_ERROR;
				CLANG_WARN_RANGE_LOOP_ANALYSIS = YES;
				CLANG_WARN_STRICT_PROTOTYPES = YES;
				CLANG_WARN_SUSPICIOUS_MOVE = YES;
				CLANG_WARN_UNGUARDED_AVAILABILITY = YES_AGGRESSIVE;
				CLANG_WARN_UNREACHABLE_CODE = YES;
				CLANG_WARN__DUPLICATE_METHOD_MATCH = YES;
				COPY_PHASE_STRIP = NO;
				DEBUG_INFORMATION_FORMAT = "dwarf-with-dsym";
				ENABLE_NS_ASSERTIONS = NO;
				ENABLE_STRICT_OBJC_MSGSEND = YES;
				GCC_C_LANGUAGE_STANDARD = gnu11;
				GCC_NO_COMMON_BLOCKS = YES;
				GCC_WARN_64_TO_32_BIT_CONVERSION = YES;
				GCC_WARN_ABOUT_RETURN_TYPE = YES_ERROR;
				GCC_WARN_UNDECLARED_SELECTOR = YES;
				GCC_WARN_UNINITIALIZED_AUTOS = YES_AGGRESSIVE;
				GCC_WARN_UNUSED_FUNCTION = YES;
				GCC_WARN_UNUSED_VARIABLE = YES;
				IPHONEOS_DEPLOYMENT_TARGET = 13.1;
				MTL_ENABLE_DEBUG_INFO = NO;
				MTL_FAST_MATH = YES;
				SDKROOT = iphoneos;
				SWIFT_COMPILATION_MODE = wholemodule;
				SWIFT_OPTIMIZATION_LEVEL = "-O";
				VALIDATE_PRODUCT = YES;
			};
			name = Release;
		};
		AB36BC05235735CC006B8607 /* Debug */ = {
			isa = XCBuildConfiguration;
			buildSettings = {
				ASSETCATALOG_COMPILER_APPICON_NAME = AppIcon;
				CODE_SIGN_ENTITLEMENTS = "Logic Gate Recogniser/Logic Gate Recogniser.entitlements";
				CODE_SIGN_STYLE = Automatic;
				DEVELOPMENT_TEAM = 88Z75G4GDY;
				INFOPLIST_FILE = "Logic Gate Recogniser/Info.plist";
				IPHONEOS_DEPLOYMENT_TARGET = 13.0;
				LD_RUNPATH_SEARCH_PATHS = (
					"$(inherited)",
					"@executable_path/Frameworks",
				);
				MARKETING_VERSION = 2019.1;
				PRODUCT_BUNDLE_IDENTIFIER = "com.sonniehiles.Logic-Gate-Recogniser";
				PRODUCT_NAME = Recogniser;
				SUPPORTS_MACCATALYST = NO;
				SWIFT_VERSION = 5.0;
				TARGETED_DEVICE_FAMILY = "1,2";
			};
			name = Debug;
		};
		AB36BC06235735CC006B8607 /* Release */ = {
			isa = XCBuildConfiguration;
			buildSettings = {
				ASSETCATALOG_COMPILER_APPICON_NAME = AppIcon;
				CODE_SIGN_ENTITLEMENTS = "Logic Gate Recogniser/Logic Gate Recogniser.entitlements";
				CODE_SIGN_STYLE = Automatic;
				DEVELOPMENT_TEAM = 88Z75G4GDY;
				INFOPLIST_FILE = "Logic Gate Recogniser/Info.plist";
				IPHONEOS_DEPLOYMENT_TARGET = 13.0;
				LD_RUNPATH_SEARCH_PATHS = (
					"$(inherited)",
					"@executable_path/Frameworks",
				);
				MARKETING_VERSION = 2019.1;
				PRODUCT_BUNDLE_IDENTIFIER = "com.sonniehiles.Logic-Gate-Recogniser";
				PRODUCT_NAME = Recogniser;
				SUPPORTS_MACCATALYST = NO;
				SWIFT_VERSION = 5.0;
				TARGETED_DEVICE_FAMILY = "1,2";
			};
			name = Release;
		};
		AB36BC08235735CC006B8607 /* Debug */ = {
			isa = XCBuildConfiguration;
			buildSettings = {
				ALWAYS_EMBED_SWIFT_STANDARD_LIBRARIES = YES;
				BUNDLE_LOADER = "$(TEST_HOST)";
				CODE_SIGN_STYLE = Automatic;
				DEVELOPMENT_TEAM = 88Z75G4GDY;
				INFOPLIST_FILE = "Logic Gate RecogniserTests/Info.plist";
				IPHONEOS_DEPLOYMENT_TARGET = 13.1;
				LD_RUNPATH_SEARCH_PATHS = (
					"$(inherited)",
					"@executable_path/Frameworks",
					"@loader_path/Frameworks",
				);
				PRODUCT_BUNDLE_IDENTIFIER = "com.sonniehiles.Logic-Gate-RecogniserTests";
				PRODUCT_NAME = "$(TARGET_NAME)";
				SWIFT_VERSION = 5.0;
				TARGETED_DEVICE_FAMILY = "1,2";
				TEST_HOST = "$(BUILT_PRODUCTS_DIR)/Recogniser.app/Recogniser";
			};
			name = Debug;
		};
		AB36BC09235735CC006B8607 /* Release */ = {
			isa = XCBuildConfiguration;
			buildSettings = {
				ALWAYS_EMBED_SWIFT_STANDARD_LIBRARIES = YES;
				BUNDLE_LOADER = "$(TEST_HOST)";
				CODE_SIGN_STYLE = Automatic;
				DEVELOPMENT_TEAM = 88Z75G4GDY;
				INFOPLIST_FILE = "Logic Gate RecogniserTests/Info.plist";
				IPHONEOS_DEPLOYMENT_TARGET = 13.1;
				LD_RUNPATH_SEARCH_PATHS = (
					"$(inherited)",
					"@executable_path/Frameworks",
					"@loader_path/Frameworks",
				);
				PRODUCT_BUNDLE_IDENTIFIER = "com.sonniehiles.Logic-Gate-RecogniserTests";
				PRODUCT_NAME = "$(TARGET_NAME)";
				SWIFT_VERSION = 5.0;
				TARGETED_DEVICE_FAMILY = "1,2";
				TEST_HOST = "$(BUILT_PRODUCTS_DIR)/Recogniser.app/Recogniser";
			};
			name = Release;
		};
/* End XCBuildConfiguration section */

/* Begin XCConfigurationList section */
		AB36BBE0235735CA006B8607 /* Build configuration list for PBXProject "Logic Gate Recogniser" */ = {
			isa = XCConfigurationList;
			buildConfigurations = (
				AB36BC02235735CC006B8607 /* Debug */,
				AB36BC03235735CC006B8607 /* Release */,
			);
			defaultConfigurationIsVisible = 0;
			defaultConfigurationName = Release;
		};
		AB36BC04235735CC006B8607 /* Build configuration list for PBXNativeTarget "Logic Gate Recogniser" */ = {
			isa = XCConfigurationList;
			buildConfigurations = (
				AB36BC05235735CC006B8607 /* Debug */,
				AB36BC06235735CC006B8607 /* Release */,
			);
			defaultConfigurationIsVisible = 0;
			defaultConfigurationName = Release;
		};
		AB36BC07235735CC006B8607 /* Build configuration list for PBXNativeTarget "Logic Gate RecogniserTests" */ = {
			isa = XCConfigurationList;
			buildConfigurations = (
				AB36BC08235735CC006B8607 /* Debug */,
				AB36BC09235735CC006B8607 /* Release */,
			);
			defaultConfigurationIsVisible = 0;
			defaultConfigurationName = Release;
		};
/* End XCConfigurationList section */

/* Begin XCVersionGroup section */
		AB4B8017241795B1001EEB96 /* logicGateRecogniser.xcdatamodeld */ = {
			isa = XCVersionGroup;
			children = (
				AB4B8018241795B1001EEB96 /* Logic Gate Recogniser.xcdatamodel */,
			);
			currentVersion = AB4B8018241795B1001EEB96 /* Logic Gate Recogniser.xcdatamodel */;
			path = logicGateRecogniser.xcdatamodeld;
			sourceTree = "<group>";
			versionGroupType = wrapper.xcdatamodel;
		};
/* End XCVersionGroup section */
	};
	rootObject = AB36BBDD235735CA006B8607 /* Project object */;
}
